
Microsoft Visual Studio Solution File, Format Version 12.00
# Visual Studio 14
VisualStudioVersion = 14.0.23107.0
MinimumVisualStudioVersion = 10.0.40219.1
Project("{FAE04EC0-301F-11D3-BF4B-00C04F79EFBC}") = "GraphView", "GraphView\GraphView.csproj", "{33CADC4A-376F-489B-8357-BE60D8F6186A}"
EndProject
Project("{FAE04EC0-301F-11D3-BF4B-00C04F79EFBC}") = "GraphViewUnitTest", "GraphViewUnitTest\GraphViewUnitTest.csproj", "{4060ECE6-40A9-4471-8195-8669C5EFA674}"
EndProject
Project("{FAE04EC0-301F-11D3-BF4B-00C04F79EFBC}") = "GraphViewFlowTest", "GraphViewFlowTest\GraphViewFlowTest.csproj", "{422933BE-0E07-4EA7-84DF-FC472DC070BE}"
EndProject
Global
	GlobalSection(SolutionConfigurationPlatforms) = preSolution
		Debug|Any CPU = Debug|Any CPU
		Release|Any CPU = Release|Any CPU
	EndGlobalSection
	GlobalSection(ProjectConfigurationPlatforms) = postSolution
		{33CADC4A-376F-489B-8357-BE60D8F6186A}.Debug|Any CPU.ActiveCfg = Debug|Any CPU
		{33CADC4A-376F-489B-8357-BE60D8F6186A}.Debug|Any CPU.Build.0 = Debug|Any CPU
		{33CADC4A-376F-489B-8357-BE60D8F6186A}.Release|Any CPU.ActiveCfg = Release|Any CPU
		{33CADC4A-376F-489B-8357-BE60D8F6186A}.Release|Any CPU.Build.0 = Release|Any CPU
		{4060ECE6-40A9-4471-8195-8669C5EFA674}.Debug|Any CPU.ActiveCfg = Debug|Any CPU
		{4060ECE6-40A9-4471-8195-8669C5EFA674}.Debug|Any CPU.Build.0 = Debug|Any CPU
		{4060ECE6-40A9-4471-8195-8669C5EFA674}.Release|Any CPU.ActiveCfg = Release|Any CPU
		{4060ECE6-40A9-4471-8195-8669C5EFA674}.Release|Any CPU.Build.0 = Release|Any CPU
		{422933BE-0E07-4EA7-84DF-FC472DC070BE}.Debug|Any CPU.ActiveCfg = Debug|Any CPU
		{422933BE-0E07-4EA7-84DF-FC472DC070BE}.Debug|Any CPU.Build.0 = Debug|Any CPU
		{422933BE-0E07-4EA7-84DF-FC472DC070BE}.Release|Any CPU.ActiveCfg = Release|Any CPU
		{422933BE-0E07-4EA7-84DF-FC472DC070BE}.Release|Any CPU.Build.0 = Release|Any CPU
	EndGlobalSection
	GlobalSection(SolutionProperties) = preSolution
		HideSolutionNode = FALSE
	EndGlobalSection
EndGlobal
